("quicklisp" .
 (:class qlot/source/dist:source-dist
  :initargs (:distribution "http://beta.quicklisp.org/dist/quicklisp.txt" :%version :latest)
  :version "2022-07-08"))
("clack" .
 (:class qlot/source/ql:source-ql
  :initargs (:%version :latest)
  :version "ql-2022-07-08"))
("utopian" .
 (:class qlot/source/github:source-github
  :initargs (:repos "fukamachi/utopian" :ref nil :branch nil :tag nil)
  :version "github-c6ad73d5a9bba245ad7b747e7764c94e3ea0ba23"))
("assoc-utils" .
 (:class qlot/source/ql:source-ql
  :initargs (:%version :latest)
  :version "ql-2022-07-08"))
