("quicklisp" .
 (:class qlot/source/dist:source-dist
  :initargs (:distribution "http://beta.quicklisp.org/dist/quicklisp.txt" :%version :latest)
  :version "2022-11-07"))
("clack" .
 (:class qlot/source/ql:source-ql
  :initargs (:%version :latest)
  :version "ql-2022-11-07"))
("utopian" .
 (:class qlot/source/git:source-git
  :initargs (:remote-url "https://github.com/fukamachi/utopian")
  :version "git-c6ad73d5a9bba245ad7b747e7764c94e3ea0ba23"))
("assoc-utils" .
 (:class qlot/source/ql:source-ql
  :initargs (:%version :latest)
  :version "ql-2022-11-07"))
("mito" .
 (:class qlot/source/ql:source-ql
  :initargs (:%version :latest)
  :version "ql-2022-11-07"))
("jzon" .
 (:class qlot/source/git:source-git
  :initargs (:remote-url "https://github.com/Zulu-Inuoe/jzon")
  :version "git-ba43faa1f2a07e83226d0e52b29cf6a816e3596d"))
("dexador" .
 (:class qlot/source/ql:source-ql
  :initargs (:%version :latest)
  :version "ql-2022-11-07"))
